
Microsoft Visual Studio Solution File, Format Version 12.00
# Visual Studio 14
VisualStudioVersion = 14.0.24720.0
MinimumVisualStudioVersion = 10.0.40219.1
Project("{FAE04EC0-301F-11D3-BF4B-00C04F79EFBC}") = "BAL", "BAL\BAL.csproj", "{013E37B3-2878-4F25-8D1F-8355BD9FC506}"
EndProject
Project("{FAE04EC0-301F-11D3-BF4B-00C04F79EFBC}") = "DAL", "DAL\DAL.csproj", "{9D364A17-1DC1-4F4A-9C9D-48F4ECDCC348}"
EndProject
Project("{FAE04EC0-301F-11D3-BF4B-00C04F79EFBC}") = "Common", "Common\Common.csproj", "{6D19160D-0229-4693-AAF9-B9083C44A3B4}"
EndProject
Project("{FAE04EC0-301F-11D3-BF4B-00C04F79EFBC}") = "Resources", "Resources\Resources.csproj", "{3B337BCD-A355-4B1E-A377-34515D1ABDCF}"
EndProject
Project("{FAE04EC0-301F-11D3-BF4B-00C04F79EFBC}") = "MainSite", "MainSaite\MainSite.csproj", "{0F503666-D7D0-4FD0-A31E-D267B3012C4B}"
EndProject
Project("{FAE04EC0-301F-11D3-BF4B-00C04F79EFBC}") = "Model", "Model\Model.csproj", "{2FB3FF29-7421-45DB-AF46-F2B3851DC500}"
EndProject
Project("{FAE04EC0-301F-11D3-BF4B-00C04F79EFBC}") = "UnitTests", "UnitTests\UnitTests.csproj", "{B8DB1FA7-DFED-42C7-87E2-23525C7674AD}"
EndProject
Project("{FAE04EC0-301F-11D3-BF4B-00C04F79EFBC}") = "WindowsFormsApiApplication", "WindowsFormsApiApplication\WindowsFormsApiApplication.csproj", "{EBC84C11-1D67-4A41-B4B1-3056A725D635}"
EndProject
Project("{FAE04EC0-301F-11D3-BF4B-00C04F79EFBC}") = "TaxiApi", "TaxiApi\TaxiApi.csproj", "{C1C03F14-2E97-4614-9482-A89FB73FA782}"
EndProject
Project("{FAE04EC0-301F-11D3-BF4B-00C04F79EFBC}") = "UnitTestTaxiApi", "UnitTestTaxiApi\UnitTestTaxiApi.csproj", "{D9DF1FD6-729B-4A56-8476-F6AD750FCE13}"
EndProject
Global
	GlobalSection(SolutionConfigurationPlatforms) = preSolution
		Debug|Any CPU = Debug|Any CPU
		Release|Any CPU = Release|Any CPU
	EndGlobalSection
	GlobalSection(ProjectConfigurationPlatforms) = postSolution
		{013E37B3-2878-4F25-8D1F-8355BD9FC506}.Debug|Any CPU.ActiveCfg = Debug|Any CPU
		{013E37B3-2878-4F25-8D1F-8355BD9FC506}.Debug|Any CPU.Build.0 = Debug|Any CPU
		{013E37B3-2878-4F25-8D1F-8355BD9FC506}.Release|Any CPU.ActiveCfg = Release|Any CPU
		{013E37B3-2878-4F25-8D1F-8355BD9FC506}.Release|Any CPU.Build.0 = Release|Any CPU
		{9D364A17-1DC1-4F4A-9C9D-48F4ECDCC348}.Debug|Any CPU.ActiveCfg = Debug|Any CPU
		{9D364A17-1DC1-4F4A-9C9D-48F4ECDCC348}.Debug|Any CPU.Build.0 = Debug|Any CPU
		{9D364A17-1DC1-4F4A-9C9D-48F4ECDCC348}.Release|Any CPU.ActiveCfg = Release|Any CPU
		{9D364A17-1DC1-4F4A-9C9D-48F4ECDCC348}.Release|Any CPU.Build.0 = Release|Any CPU
		{6D19160D-0229-4693-AAF9-B9083C44A3B4}.Debug|Any CPU.ActiveCfg = Debug|Any CPU
		{6D19160D-0229-4693-AAF9-B9083C44A3B4}.Debug|Any CPU.Build.0 = Debug|Any CPU
		{6D19160D-0229-4693-AAF9-B9083C44A3B4}.Release|Any CPU.ActiveCfg = Release|Any CPU
		{6D19160D-0229-4693-AAF9-B9083C44A3B4}.Release|Any CPU.Build.0 = Release|Any CPU
		{3B337BCD-A355-4B1E-A377-34515D1ABDCF}.Debug|Any CPU.ActiveCfg = Debug|Any CPU
		{3B337BCD-A355-4B1E-A377-34515D1ABDCF}.Debug|Any CPU.Build.0 = Debug|Any CPU
		{3B337BCD-A355-4B1E-A377-34515D1ABDCF}.Release|Any CPU.ActiveCfg = Release|Any CPU
		{3B337BCD-A355-4B1E-A377-34515D1ABDCF}.Release|Any CPU.Build.0 = Release|Any CPU
		{0F503666-D7D0-4FD0-A31E-D267B3012C4B}.Debug|Any CPU.ActiveCfg = Debug|Any CPU
		{0F503666-D7D0-4FD0-A31E-D267B3012C4B}.Debug|Any CPU.Build.0 = Debug|Any CPU
		{0F503666-D7D0-4FD0-A31E-D267B3012C4B}.Release|Any CPU.ActiveCfg = Release|Any CPU
		{0F503666-D7D0-4FD0-A31E-D267B3012C4B}.Release|Any CPU.Build.0 = Release|Any CPU
		{2FB3FF29-7421-45DB-AF46-F2B3851DC500}.Debug|Any CPU.ActiveCfg = Debug|Any CPU
		{2FB3FF29-7421-45DB-AF46-F2B3851DC500}.Debug|Any CPU.Build.0 = Debug|Any CPU
		{2FB3FF29-7421-45DB-AF46-F2B3851DC500}.Release|Any CPU.ActiveCfg = Release|Any CPU
		{2FB3FF29-7421-45DB-AF46-F2B3851DC500}.Release|Any CPU.Build.0 = Release|Any CPU
		{B8DB1FA7-DFED-42C7-87E2-23525C7674AD}.Debug|Any CPU.ActiveCfg = Debug|Any CPU
		{B8DB1FA7-DFED-42C7-87E2-23525C7674AD}.Debug|Any CPU.Build.0 = Debug|Any CPU
		{B8DB1FA7-DFED-42C7-87E2-23525C7674AD}.Release|Any CPU.ActiveCfg = Release|Any CPU
		{B8DB1FA7-DFED-42C7-87E2-23525C7674AD}.Release|Any CPU.Build.0 = Release|Any CPU
		{EBC84C11-1D67-4A41-B4B1-3056A725D635}.Debug|Any CPU.ActiveCfg = Debug|Any CPU
		{EBC84C11-1D67-4A41-B4B1-3056A725D635}.Debug|Any CPU.Build.0 = Debug|Any CPU
		{EBC84C11-1D67-4A41-B4B1-3056A725D635}.Release|Any CPU.ActiveCfg = Release|Any CPU
		{EBC84C11-1D67-4A41-B4B1-3056A725D635}.Release|Any CPU.Build.0 = Release|Any CPU
		{C1C03F14-2E97-4614-9482-A89FB73FA782}.Debug|Any CPU.ActiveCfg = Debug|Any CPU
		{C1C03F14-2E97-4614-9482-A89FB73FA782}.Debug|Any CPU.Build.0 = Debug|Any CPU
		{C1C03F14-2E97-4614-9482-A89FB73FA782}.Release|Any CPU.ActiveCfg = Release|Any CPU
		{C1C03F14-2E97-4614-9482-A89FB73FA782}.Release|Any CPU.Build.0 = Release|Any CPU
		{D9DF1FD6-729B-4A56-8476-F6AD750FCE13}.Debug|Any CPU.ActiveCfg = Debug|Any CPU
		{D9DF1FD6-729B-4A56-8476-F6AD750FCE13}.Debug|Any CPU.Build.0 = Debug|Any CPU
		{D9DF1FD6-729B-4A56-8476-F6AD750FCE13}.Release|Any CPU.ActiveCfg = Release|Any CPU
		{D9DF1FD6-729B-4A56-8476-F6AD750FCE13}.Release|Any CPU.Build.0 = Release|Any CPU
	EndGlobalSection
	GlobalSection(SolutionProperties) = preSolution
		HideSolutionNode = FALSE
	EndGlobalSection
EndGlobal
